
Microsoft Visual Studio Solution File, Format Version 12.00
# Visual Studio Version 16
VisualStudioVersion = 16.0.31424.327
MinimumVisualStudioVersion = 10.0.40219.1
Project("{9A19103F-16F7-4668-BE54-9A1E7A4F7556}") = "NUnitPart2Jenkins", "NUnitPart2Jenkins.csproj", "{64A4734A-57A0-476C-B361-21DCEAAB1E03}"
EndProject
Project("{FAE04EC0-301F-11D3-BF4B-00C04F79EFBC}") = "ToBeTested", "..\ToBeTested\ToBeTested.csproj", "{714789C7-B230-4D83-87C0-928B995C7D37}"
EndProject
Global
	GlobalSection(SolutionConfigurationPlatforms) = preSolution
		Debug|Any CPU = Debug|Any CPU
		Release|Any CPU = Release|Any CPU
	EndGlobalSection
	GlobalSection(ProjectConfigurationPlatforms) = postSolution
		{64A4734A-57A0-476C-B361-21DCEAAB1E03}.Debug|Any CPU.ActiveCfg = Debug|Any CPU
		{64A4734A-57A0-476C-B361-21DCEAAB1E03}.Debug|Any CPU.Build.0 = Debug|Any CPU
		{64A4734A-57A0-476C-B361-21DCEAAB1E03}.Release|Any CPU.ActiveCfg = Release|Any CPU
		{64A4734A-57A0-476C-B361-21DCEAAB1E03}.Release|Any CPU.Build.0 = Release|Any CPU
		{714789C7-B230-4D83-87C0-928B995C7D37}.Debug|Any CPU.ActiveCfg = Debug|Any CPU
		{714789C7-B230-4D83-87C0-928B995C7D37}.Debug|Any CPU.Build.0 = Debug|Any CPU
		{714789C7-B230-4D83-87C0-928B995C7D37}.Release|Any CPU.ActiveCfg = Release|Any CPU
		{714789C7-B230-4D83-87C0-928B995C7D37}.Release|Any CPU.Build.0 = Release|Any CPU
	EndGlobalSection
	GlobalSection(SolutionProperties) = preSolution
		HideSolutionNode = FALSE
	EndGlobalSection
	GlobalSection(ExtensibilityGlobals) = postSolution
		SolutionGuid = {5EFFC03D-3FAC-4780-91A4-C53C99C52DFB}
	EndGlobalSection
EndGlobal
